// !$*UTF8*$!
{
	archiveVersion = 1;
	classes = {
	};
	objectVersion = 50;
	objects = {

/* Begin PBXBuildFile section */
		A38FBFF323E70DF7008F28DE /* AppDelegate.m in Sources */ = {isa = PBXBuildFile; fileRef = A38FBFF223E70DF7008F28DE /* AppDelegate.m */; };
		A38FBFF623E70DF7008F28DE /* SceneDelegate.m in Sources */ = {isa = PBXBuildFile; fileRef = A38FBFF523E70DF7008F28DE /* SceneDelegate.m */; };
		A38FBFF923E70DF7008F28DE /* ViewController.m in Sources */ = {isa = PBXBuildFile; fileRef = A38FBFF823E70DF7008F28DE /* ViewController.m */; };
		A38FBFFC23E70DF7008F28DE /* Main.storyboard in Resources */ = {isa = PBXBuildFile; fileRef = A38FBFFA23E70DF7008F28DE /* Main.storyboard */; };
		A38FBFFE23E70DF8008F28DE /* Assets.xcassets in Resources */ = {isa = PBXBuildFile; fileRef = A38FBFFD23E70DF8008F28DE /* Assets.xcassets */; };
		A38FC00123E70DF8008F28DE /* LaunchScreen.storyboard in Resources */ = {isa = PBXBuildFile; fileRef = A38FBFFF23E70DF8008F28DE /* LaunchScreen.storyboard */; };
		A38FC00423E70DF8008F28DE /* main.m in Sources */ = {isa = PBXBuildFile; fileRef = A38FC00323E70DF8008F28DE /* main.m */; };
		A38FC01A23E70F41008F28DE /* 2.jpg in Resources */ = {isa = PBXBuildFile; fileRef = A38FC00B23E70F40008F28DE /* 2.jpg */; };
		A38FC01B23E70F41008F28DE /* 1.jpg in Resources */ = {isa = PBXBuildFile; fileRef = A38FC00C23E70F40008F28DE /* 1.jpg */; };
		A38FC01C23E70F41008F28DE /* 15.jpg in Resources */ = {isa = PBXBuildFile; fileRef = A38FC00D23E70F40008F28DE /* 15.jpg */; };
		A38FC01D23E70F41008F28DE /* 12.jpg in Resources */ = {isa = PBXBuildFile; fileRef = A38FC00E23E70F40008F28DE /* 12.jpg */; };
		A38FC01E23E70F41008F28DE /* 8.jpg in Resources */ = {isa = PBXBuildFile; fileRef = A38FC00F23E70F40008F28DE /* 8.jpg */; };
		A38FC01F23E70F41008F28DE /* 7.jpg in Resources */ = {isa = PBXBuildFile; fileRef = A38FC01023E70F40008F28DE /* 7.jpg */; };
		A38FC02023E70F41008F28DE /* 6.jpg in Resources */ = {isa = PBXBuildFile; fileRef = A38FC01123E70F40008F28DE /* 6.jpg */; };
		A38FC02123E70F41008F28DE /* 11.jpg in Resources */ = {isa = PBXBuildFile; fileRef = A38FC01223E70F40008F28DE /* 11.jpg */; };
		A38FC02223E70F41008F28DE /* 13.jpg in Resources */ = {isa = PBXBuildFile; fileRef = A38FC01323E70F40008F28DE /* 13.jpg */; };
		A38FC02323E70F41008F28DE /* 3.jpg in Resources */ = {isa = PBXBuildFile; fileRef = A38FC01423E70F40008F28DE /* 3.jpg */; };
		A38FC02423E70F41008F28DE /* 9.jpg in Resources */ = {isa = PBXBuildFile; fileRef = A38FC01523E70F40008F28DE /* 9.jpg */; };
		A38FC02523E70F41008F28DE /* 14.jpg in Resources */ = {isa = PBXBuildFile; fileRef = A38FC01623E70F40008F28DE /* 14.jpg */; };
		A38FC02623E70F41008F28DE /* 10.jpg in Resources */ = {isa = PBXBuildFile; fileRef = A38FC01723E70F41008F28DE /* 10.jpg */; };
		A38FC02723E70F41008F28DE /* 4.jpg in Resources */ = {isa = PBXBuildFile; fileRef = A38FC01823E70F41008F28DE /* 4.jpg */; };
		A38FC02823E70F41008F28DE /* 5.jpg in Resources */ = {isa = PBXBuildFile; fileRef = A38FC01923E70F41008F28DE /* 5.jpg */; };
/* End PBXBuildFile section */

/* Begin PBXFileReference section */
		A38FBFEE23E70DF7008F28DE /* DigitalFrame.app */ = {isa = PBXFileReference; explicitFileType = wrapper.application; includeInIndex = 0; path = DigitalFrame.app; sourceTree = BUILT_PRODUCTS_DIR; };
		A38FBFF123E70DF7008F28DE /* AppDelegate.h */ = {isa = PBXFileReference; lastKnownFileType = sourcecode.c.h; path = AppDelegate.h; sourceTree = "<group>"; };
		A38FBFF223E70DF7008F28DE /* AppDelegate.m */ = {isa = PBXFileReference; lastKnownFileType = sourcecode.c.objc; path = AppDelegate.m; sourceTree = "<group>"; };
		A38FBFF423E70DF7008F28DE /* SceneDelegate.h */ = {isa = PBXFileReference; lastKnownFileType = sourcecode.c.h; path = SceneDelegate.h; sourceTree = "<group>"; };
		A38FBFF523E70DF7008F28DE /* SceneDelegate.m */ = {isa = PBXFileReference; lastKnownFileType = sourcecode.c.objc; path = SceneDelegate.m; sourceTree = "<group>"; };
		A38FBFF723E70DF7008F28DE /* ViewController.h */ = {isa = PBXFileReference; lastKnownFileType = sourcecode.c.h; path = ViewController.h; sourceTree = "<group>"; };
		A38FBFF823E70DF7008F28DE /* ViewController.m */ = {isa = PBXFileReference; lastKnownFileType = sourcecode.c.objc; path = ViewController.m; sourceTree = "<group>"; };
		A38FBFFB23E70DF7008F28DE /* Base */ = {isa = PBXFileReference; lastKnownFileType = file.storyboard; name = Base; path = Base.lproj/Main.storyboard; sourceTree = "<group>"; };
		A38FBFFD23E70DF8008F28DE /* Assets.xcassets */ = {isa = PBXFileReference; lastKnownFileType = folder.assetcatalog; path = Assets.xcassets; sourceTree = "<group>"; };
		A38FC00023E70DF8008F28DE /* Base */ = {isa = PBXFileReference; lastKnownFileType = file.storyboard; name = Base; path = Base.lproj/LaunchScreen.storyboard; sourceTree = "<group>"; };
		A38FC00223E70DF8008F28DE /* Info.plist */ = {isa = PBXFileReference; lastKnownFileType = text.plist.xml; path = Info.plist; sourceTree = "<group>"; };
		A38FC00323E70DF8008F28DE /* main.m */ = {isa = PBXFileReference; lastKnownFileType = sourcecode.c.objc; path = main.m; sourceTree = "<group>"; };
		A38FC00B23E70F40008F28DE /* 2.jpg */ = {isa = PBXFileReference; lastKnownFileType = image.jpeg; path = 2.jpg; sourceTree = "<group>"; };
		A38FC00C23E70F40008F28DE /* 1.jpg */ = {isa = PBXFileReference; lastKnownFileType = image.jpeg; path = 1.jpg; sourceTree = "<group>"; };
		A38FC00D23E70F40008F28DE /* 15.jpg */ = {isa = PBXFileReference; lastKnownFileType = image.jpeg; path = 15.jpg; sourceTree = "<group>"; };
		A38FC00E23E70F40008F28DE /* 12.jpg */ = {isa = PBXFileReference; lastKnownFileType = image.jpeg; path = 12.jpg; sourceTree = "<group>"; };
		A38FC00F23E70F40008F28DE /* 8.jpg */ = {isa = PBXFileReference; lastKnownFileType = image.jpeg; path = 8.jpg; sourceTree = "<group>"; };
		A38FC01023E70F40008F28DE /* 7.jpg */ = {isa = PBXFileReference; lastKnownFileType = image.jpeg; path = 7.jpg; sourceTree = "<group>"; };
		A38FC01123E70F40008F28DE /* 6.jpg */ = {isa = PBXFileReference; lastKnownFileType = image.jpeg; path = 6.jpg; sourceTree = "<group>"; };
		A38FC01223E70F40008F28DE /* 11.jpg */ = {isa = PBXFileReference; lastKnownFileType = image.jpeg; path = 11.jpg; sourceTree = "<group>"; };
		A38FC01323E70F40008F28DE /* 13.jpg */ = {isa = PBXFileReference; lastKnownFileType = image.jpeg; path = 13.jpg; sourceTree = "<group>"; };
		A38FC01423E70F40008F28DE /* 3.jpg */ = {isa = PBXFileReference; lastKnownFileType = image.jpeg; path = 3.jpg; sourceTree = "<group>"; };
		A38FC01523E70F40008F28DE /* 9.jpg */ = {isa = PBXFileReference; lastKnownFileType = image.jpeg; path = 9.jpg; sourceTree = "<group>"; };
		A38FC01623E70F40008F28DE /* 14.jpg */ = {isa = PBXFileReference; lastKnownFileType = image.jpeg; path = 14.jpg; sourceTree = "<group>"; };
		A38FC01723E70F41008F28DE /* 10.jpg */ = {isa = PBXFileReference; lastKnownFileType = image.jpeg; path = 10.jpg; sourceTree = "<group>"; };
		A38FC01823E70F41008F28DE /* 4.jpg */ = {isa = PBXFileReference; lastKnownFileType = image.jpeg; path = 4.jpg; sourceTree = "<group>"; };
		A38FC01923E70F41008F28DE /* 5.jpg */ = {isa = PBXFileReference; lastKnownFileType = image.jpeg; path = 5.jpg; sourceTree = "<group>"; };
/* End PBXFileReference section */

/* Begin PBXFrameworksBuildPhase section */
		A38FBFEB23E70DF7008F28DE /* Frameworks */ = {
			isa = PBXFrameworksBuildPhase;
			buildActionMask = 2147483647;
			files = (
			);
			runOnlyForDeploymentPostprocessing = 0;
		};
/* End PBXFrameworksBuildPhase section */

/* Begin PBXGroup section */
		A38FBFE523E70DF7008F28DE = {
			isa = PBXGroup;
			children = (
				A38FBFF023E70DF7008F28DE /* DigitalFrame */,
				A38FBFEF23E70DF7008F28DE /* Products */,
			);
			sourceTree = "<group>";
		};
		A38FBFEF23E70DF7008F28DE /* Products */ = {
			isa = PBXGroup;
			children = (
				A38FBFEE23E70DF7008F28DE /* DigitalFrame.app */,
			);
			name = Products;
			sourceTree = "<group>";
		};
		A38FBFF023E70DF7008F28DE /* DigitalFrame */ = {
			isa = PBXGroup;
			children = (
				A38FC00A23E70EF0008F28DE /* image */,
				A38FBFF123E70DF7008F28DE /* AppDelegate.h */,
				A38FBFF223E70DF7008F28DE /* AppDelegate.m */,
				A38FBFF423E70DF7008F28DE /* SceneDelegate.h */,
				A38FBFF523E70DF7008F28DE /* SceneDelegate.m */,
				A38FBFF723E70DF7008F28DE /* ViewController.h */,
				A38FBFF823E70DF7008F28DE /* ViewController.m */,
				A38FBFFA23E70DF7008F28DE /* Main.storyboard */,
				A38FBFFD23E70DF8008F28DE /* Assets.xcassets */,
				A38FBFFF23E70DF8008F28DE /* LaunchScreen.storyboard */,
				A38FC00223E70DF8008F28DE /* Info.plist */,
				A38FC00323E70DF8008F28DE /* main.m */,
			);
			path = DigitalFrame;
			sourceTree = "<group>";
		};
		A38FC00A23E70EF0008F28DE /* image */ = {
			isa = PBXGroup;
			children = (
				A38FC00C23E70F40008F28DE /* 1.jpg */,
				A38FC00B23E70F40008F28DE /* 2.jpg */,
				A38FC01423E70F40008F28DE /* 3.jpg */,
				A38FC01823E70F41008F28DE /* 4.jpg */,
				A38FC01923E70F41008F28DE /* 5.jpg */,
				A38FC01123E70F40008F28DE /* 6.jpg */,
				A38FC01023E70F40008F28DE /* 7.jpg */,
				A38FC00F23E70F40008F28DE /* 8.jpg */,
				A38FC01523E70F40008F28DE /* 9.jpg */,
				A38FC01723E70F41008F28DE /* 10.jpg */,
				A38FC01223E70F40008F28DE /* 11.jpg */,
				A38FC00E23E70F40008F28DE /* 12.jpg */,
				A38FC01323E70F40008F28DE /* 13.jpg */,
				A38FC01623E70F40008F28DE /* 14.jpg */,
				A38FC00D23E70F40008F28DE /* 15.jpg */,
			);
			path = image;
			sourceTree = "<group>";
		};
/* End PBXGroup section */

/* Begin PBXNativeTarget section */
		A38FBFED23E70DF7008F28DE /* DigitalFrame */ = {
			isa = PBXNativeTarget;
			buildConfigurationList = A38FC00723E70DF8008F28DE /* Build configuration list for PBXNativeTarget "DigitalFrame" */;
			buildPhases = (
				A38FBFEA23E70DF7008F28DE /* Sources */,
				A38FBFEB23E70DF7008F28DE /* Frameworks */,
				A38FBFEC23E70DF7008F28DE /* Resources */,
			);
			buildRules = (
			);
			dependencies = (
			);
			name = DigitalFrame;
			productName = DigitalFrame;
			productReference = A38FBFEE23E70DF7008F28DE /* DigitalFrame.app */;
			productType = "com.apple.product-type.application";
		};
/* End PBXNativeTarget section */

/* Begin PBXProject section */
		A38FBFE623E70DF7008F28DE /* Project object */ = {
			isa = PBXProject;
			attributes = {
				LastUpgradeCheck = 1130;
				ORGANIZATIONNAME = dely;
				TargetAttributes = {
					A38FBFED23E70DF7008F28DE = {
						CreatedOnToolsVersion = 11.3.1;
					};
				};
			};
			buildConfigurationList = A38FBFE923E70DF7008F28DE /* Build configuration list for PBXProject "DigitalFrame" */;
			compatibilityVersion = "Xcode 9.3";
			developmentRegion = en;
			hasScannedForEncodings = 0;
			knownRegions = (
				en,
				Base,
			);
			mainGroup = A38FBFE523E70DF7008F28DE;
			productRefGroup = A38FBFEF23E70DF7008F28DE /* Products */;
			projectDirPath = "";
			projectRoot = "";
			targets = (
				A38FBFED23E70DF7008F28DE /* DigitalFrame */,
			);
		};
/* End PBXProject section */

/* Begin PBXResourcesBuildPhase section */
		A38FBFEC23E70DF7008F28DE /* Resources */ = {
			isa = PBXResourcesBuildPhase;
			buildActionMask = 2147483647;
			files = (
				A38FC02523E70F41008F28DE /* 14.jpg in Resources */,
				A38FC02123E70F41008F28DE /* 11.jpg in Resources */,
				A38FC02223E70F41008F28DE /* 13.jpg in Resources */,
				A38FC02823E70F41008F28DE /* 5.jpg in Resources */,
				A38FC00123E70DF8008F28DE /* LaunchScreen.storyboard in Resources */,
				A38FBFFE23E70DF8008F28DE /* Assets.xcassets in Resources */,
				A38FC02323E70F41008F28DE /* 3.jpg in Resources */,
				A38FC02623E70F41008F28DE /* 10.jpg in Resources */,
				A38FC02723E70F41008F28DE /* 4.jpg in Resources */,
				A38FC01D23E70F41008F28DE /* 12.jpg in Resources */,
				A38FC01A23E70F41008F28DE /* 2.jpg in Resources */,
				A38FC02023E70F41008F28DE /* 6.jpg in Resources */,
				A38FC01E23E70F41008F28DE /* 8.jpg in Resources */,
				A38FC02423E70F41008F28DE /* 9.jpg in Resources */,
				A38FBFFC23E70DF7008F28DE /* Main.storyboard in Resources */,
				A38FC01F23E70F41008F28DE /* 7.jpg in Resources */,
				A38FC01B23E70F41008F28DE /* 1.jpg in Resources */,
				A38FC01C23E70F41008F28DE /* 15.jpg in Resources */,
			);
			runOnlyForDeploymentPostprocessing = 0;
		};
/* End PBXResourcesBuildPhase section */

/* Begin PBXSourcesBuildPhase section */
		A38FBFEA23E70DF7008F28DE /* Sources */ = {
			isa = PBXSourcesBuildPhase;
			buildActionMask = 2147483647;
			files = (
				A38FBFF923E70DF7008F28DE /* ViewController.m in Sources */,
				A38FBFF323E70DF7008F28DE /* AppDelegate.m in Sources */,
				A38FC00423E70DF8008F28DE /* main.m in Sources */,
				A38FBFF623E70DF7008F28DE /* SceneDelegate.m in Sources */,
			);
			runOnlyForDeploymentPostprocessing = 0;
		};
/* End PBXSourcesBuildPhase section */

/* Begin PBXVariantGroup section */
		A38FBFFA23E70DF7008F28DE /* Main.storyboard */ = {
			isa = PBXVariantGroup;
			children = (
				A38FBFFB23E70DF7008F28DE /* Base */,
			);
			name = Main.storyboard;
			sourceTree = "<group>";
		};
		A38FBFFF23E70DF8008F28DE /* LaunchScreen.storyboard */ = {
			isa = PBXVariantGroup;
			children = (
				A38FC00023E70DF8008F28DE /* Base */,
			);
			name = LaunchScreen.storyboard;
			sourceTree = "<group>";
		};
/* End PBXVariantGroup section */

/* Begin XCBuildConfiguration section */
		A38FC00523E70DF8008F28DE /* Debug */ = {
			isa = XCBuildConfiguration;
			buildSettings = {
				ALWAYS_SEARCH_USER_PATHS = NO;
				CLANG_ANALYZER_NONNULL = YES;
				CLANG_ANALYZER_NUMBER_OBJECT_CONVERSION = YES_AGGRESSIVE;
				CLANG_CXX_LANGUAGE_STANDARD = "gnu++14";
				CLANG_CXX_LIBRARY = "libc++";
				CLANG_ENABLE_MODULES = YES;
				CLANG_ENABLE_OBJC_ARC = YES;
				CLANG_ENABLE_OBJC_WEAK = YES;
				CLANG_WARN_BLOCK_CAPTURE_AUTORELEASING = YES;
				CLANG_WARN_BOOL_CONVERSION = YES;
				CLANG_WARN_COMMA = YES;
				CLANG_WARN_CONSTANT_CONVERSION = YES;
				CLANG_WARN_DEPRECATED_OBJC_IMPLEMENTATIONS = YES;
				CLANG_WARN_DIRECT_OBJC_ISA_USAGE = YES_ERROR;
				CLANG_WARN_DOCUMENTATION_COMMENTS = YES;
				CLANG_WARN_EMPTY_BODY = YES;
				CLANG_WARN_ENUM_CONVERSION = YES;
				CLANG_WARN_INFINITE_RECURSION = YES;
				CLANG_WARN_INT_CONVERSION = YES;
				CLANG_WARN_NON_LITERAL_NULL_CONVERSION = YES;
				CLANG_WARN_OBJC_IMPLICIT_RETAIN_SELF = YES;
				CLANG_WARN_OBJC_LITERAL_CONVERSION = YES;
				CLANG_WARN_OBJC_ROOT_CLASS = YES_ERROR;
				CLANG_WARN_RANGE_LOOP_ANALYSIS = YES;
				CLANG_WARN_STRICT_PROTOTYPES = YES;
				CLANG_WARN_SUSPICIOUS_MOVE = YES;
				CLANG_WARN_UNGUARDED_AVAILABILITY = YES_AGGRESSIVE;
				CLANG_WARN_UNREACHABLE_CODE = YES;
				CLANG_WARN__DUPLICATE_METHOD_MATCH = YES;
				COPY_PHASE_STRIP = NO;
				DEBUG_INFORMATION_FORMAT = dwarf;
				ENABLE_STRICT_OBJC_MSGSEND = YES;
				ENABLE_TESTABILITY = YES;
				GCC_C_LANGUAGE_STANDARD = gnu11;
				GCC_DYNAMIC_NO_PIC = NO;
				GCC_NO_COMMON_BLOCKS = YES;
				GCC_OPTIMIZATION_LEVEL = 0;
				GCC_PREPROCESSOR_DEFINITIONS = (
					"DEBUG=1",
					"$(inherited)",
				);
				GCC_WARN_64_TO_32_BIT_CONVERSION = YES;
				GCC_WARN_ABOUT_RETURN_TYPE = YES_ERROR;
				GCC_WARN_UNDECLARED_SELECTOR = YES;
				GCC_WARN_UNINITIALIZED_AUTOS = YES_AGGRESSIVE;
				GCC_WARN_UNUSED_FUNCTION = YES;
				GCC_WARN_UNUSED_VARIABLE = YES;
				IPHONEOS_DEPLOYMENT_TARGET = 13.2;
				MTL_ENABLE_DEBUG_INFO = INCLUDE_SOURCE;
				MTL_FAST_MATH = YES;
				ONLY_ACTIVE_ARCH = YES;
				SDKROOT = iphoneos;
			};
			name = Debug;
		};
		A38FC00623E70DF8008F28DE /* Release */ = {
			isa = XCBuildConfiguration;
			buildSettings = {
				ALWAYS_SEARCH_USER_PATHS = NO;
				CLANG_ANALYZER_NONNULL = YES;
				CLANG_ANALYZER_NUMBER_OBJECT_CONVERSION = YES_AGGRESSIVE;
				CLANG_CXX_LANGUAGE_STANDARD = "gnu++14";
				CLANG_CXX_LIBRARY = "libc++";
				CLANG_ENABLE_MODULES = YES;
				CLANG_ENABLE_OBJC_ARC = YES;
				CLANG_ENABLE_OBJC_WEAK = YES;
				CLANG_WARN_BLOCK_CAPTURE_AUTORELEASING = YES;
				CLANG_WARN_BOOL_CONVERSION = YES;
				CLANG_WARN_COMMA = YES;
				CLANG_WARN_CONSTANT_CONVERSION = YES;
				CLANG_WARN_DEPRECATED_OBJC_IMPLEMENTATIONS = YES;
				CLANG_WARN_DIRECT_OBJC_ISA_USAGE = YES_ERROR;
				CLANG_WARN_DOCUMENTATION_COMMENTS = YES;
				CLANG_WARN_EMPTY_BODY = YES;
				CLANG_WARN_ENUM_CONVERSION = YES;
				CLANG_WARN_INFINITE_RECURSION = YES;
				CLANG_WARN_INT_CONVERSION = YES;
				CLANG_WARN_NON_LITERAL_NULL_CONVERSION = YES;
				CLANG_WARN_OBJC_IMPLICIT_RETAIN_SELF = YES;
				CLANG_WARN_OBJC_LITERAL_CONVERSION = YES;
				CLANG_WARN_OBJC_ROOT_CLASS = YES_ERROR;
				CLANG_WARN_RANGE_LOOP_ANALYSIS = YES;
				CLANG_WARN_STRICT_PROTOTYPES = YES;
				CLANG_WARN_SUSPICIOUS_MOVE = YES;
				CLANG_WARN_UNGUARDED_AVAILABILITY = YES_AGGRESSIVE;
				CLANG_WARN_UNREACHABLE_CODE = YES;
				CLANG_WARN__DUPLICATE_METHOD_MATCH = YES;
				COPY_PHASE_STRIP = NO;
				DEBUG_INFORMATION_FORMAT = "dwarf-with-dsym";
				ENABLE_NS_ASSERTIONS = NO;
				ENABLE_STRICT_OBJC_MSGSEND = YES;
				GCC_C_LANGUAGE_STANDARD = gnu11;
				GCC_NO_COMMON_BLOCKS = YES;
				GCC_WARN_64_TO_32_BIT_CONVERSION = YES;
				GCC_WARN_ABOUT_RETURN_TYPE = YES_ERROR;
				GCC_WARN_UNDECLARED_SELECTOR = YES;
				GCC_WARN_UNINITIALIZED_AUTOS = YES_AGGRESSIVE;
				GCC_WARN_UNUSED_FUNCTION = YES;
				GCC_WARN_UNUSED_VARIABLE = YES;
				IPHONEOS_DEPLOYMENT_TARGET = 13.2;
				MTL_ENABLE_DEBUG_INFO = NO;
				MTL_FAST_MATH = YES;
				SDKROOT = iphoneos;
				VALIDATE_PRODUCT = YES;
			};
			name = Release;
		};
		A38FC00823E70DF8008F28DE /* Debug */ = {
			isa = XCBuildConfiguration;
			buildSettings = {
				ASSETCATALOG_COMPILER_APPICON_NAME = AppIcon;
				CODE_SIGN_STYLE = Automatic;
				DEVELOPMENT_TEAM = 4HT2BE32MC;
				INFOPLIST_FILE = DigitalFrame/Info.plist;
				LD_RUNPATH_SEARCH_PATHS = (
					"$(inherited)",
					"@executable_path/Frameworks",
				);
				PRODUCT_BUNDLE_IDENTIFIER = com.dely.DigitalFrame;
				PRODUCT_NAME = "$(TARGET_NAME)";
				TARGETED_DEVICE_FAMILY = "1,2";
			};
			name = Debug;
		};
		A38FC00923E70DF8008F28DE /* Release */ = {
			isa = XCBuildConfiguration;
			buildSettings = {
				ASSETCATALOG_COMPILER_APPICON_NAME = AppIcon;
				CODE_SIGN_STYLE = Automatic;
				DEVELOPMENT_TEAM = 4HT2BE32MC;
				INFOPLIST_FILE = DigitalFrame/Info.plist;
				LD_RUNPATH_SEARCH_PATHS = (
					"$(inherited)",
					"@executable_path/Frameworks",
				);
				PRODUCT_BUNDLE_IDENTIFIER = com.dely.DigitalFrame;
				PRODUCT_NAME = "$(TARGET_NAME)";
				TARGETED_DEVICE_FAMILY = "1,2";
			};
			name = Release;
		};
/* End XCBuildConfiguration section */

/* Begin XCConfigurationList section */
		A38FBFE923E70DF7008F28DE /* Build configuration list for PBXProject "DigitalFrame" */ = {
			isa = XCConfigurationList;
			buildConfigurations = (
				A38FC00523E70DF8008F28DE /* Debug */,
				A38FC00623E70DF8008F28DE /* Release */,
			);
			defaultConfigurationIsVisible = 0;
			defaultConfigurationName = Release;
		};
		A38FC00723E70DF8008F28DE /* Build configuration list for PBXNativeTarget "DigitalFrame" */ = {
			isa = XCConfigurationList;
			buildConfigurations = (
				A38FC00823E70DF8008F28DE /* Debug */,
				A38FC00923E70DF8008F28DE /* Release */,
			);
			defaultConfigurationIsVisible = 0;
			defaultConfigurationName = Release;
		};
/* End XCConfigurationList section */
	};
	rootObject = A38FBFE623E70DF7008F28DE /* Project object */;
}
