// !$*UTF8*$!
{
	archiveVersion = 1;
	classes = {
	};
	objectVersion = 50;
	objects = {

/* Begin PBXBuildFile section */
		A32E0E3023D895F80008824F /* AppDelegate.m in Sources */ = {isa = PBXBuildFile; fileRef = A32E0E2F23D895F80008824F /* AppDelegate.m */; };
		A32E0E3323D895F80008824F /* SceneDelegate.m in Sources */ = {isa = PBXBuildFile; fileRef = A32E0E3223D895F80008824F /* SceneDelegate.m */; };
		A32E0E3623D895F80008824F /* ViewController.m in Sources */ = {isa = PBXBuildFile; fileRef = A32E0E3523D895F80008824F /* ViewController.m */; };
		A32E0E3923D895F80008824F /* Main.storyboard in Resources */ = {isa = PBXBuildFile; fileRef = A32E0E3723D895F80008824F /* Main.storyboard */; };
		A32E0E3B23D895F90008824F /* Assets.xcassets in Resources */ = {isa = PBXBuildFile; fileRef = A32E0E3A23D895F90008824F /* Assets.xcassets */; };
		A32E0E3E23D895F90008824F /* LaunchScreen.storyboard in Resources */ = {isa = PBXBuildFile; fileRef = A32E0E3C23D895F90008824F /* LaunchScreen.storyboard */; };
		A32E0E4123D895F90008824F /* main.m in Sources */ = {isa = PBXBuildFile; fileRef = A32E0E4023D895F90008824F /* main.m */; };
		A35940B723E1D3E000064D26 /* Book.m in Sources */ = {isa = PBXBuildFile; fileRef = A35940B423E1D3DF00064D26 /* Book.m */; };
		A35940B823E1D3E000064D26 /* BookManager.m in Sources */ = {isa = PBXBuildFile; fileRef = A35940B523E1D3DF00064D26 /* BookManager.m */; };
/* End PBXBuildFile section */

/* Begin PBXFileReference section */
		A32E0E2B23D895F80008824F /* VisualAddressBook.app */ = {isa = PBXFileReference; explicitFileType = wrapper.application; includeInIndex = 0; path = VisualAddressBook.app; sourceTree = BUILT_PRODUCTS_DIR; };
		A32E0E2E23D895F80008824F /* AppDelegate.h */ = {isa = PBXFileReference; lastKnownFileType = sourcecode.c.h; path = AppDelegate.h; sourceTree = "<group>"; };
		A32E0E2F23D895F80008824F /* AppDelegate.m */ = {isa = PBXFileReference; lastKnownFileType = sourcecode.c.objc; path = AppDelegate.m; sourceTree = "<group>"; };
		A32E0E3123D895F80008824F /* SceneDelegate.h */ = {isa = PBXFileReference; lastKnownFileType = sourcecode.c.h; path = SceneDelegate.h; sourceTree = "<group>"; };
		A32E0E3223D895F80008824F /* SceneDelegate.m */ = {isa = PBXFileReference; lastKnownFileType = sourcecode.c.objc; path = SceneDelegate.m; sourceTree = "<group>"; };
		A32E0E3423D895F80008824F /* ViewController.h */ = {isa = PBXFileReference; lastKnownFileType = sourcecode.c.h; path = ViewController.h; sourceTree = "<group>"; };
		A32E0E3523D895F80008824F /* ViewController.m */ = {isa = PBXFileReference; lastKnownFileType = sourcecode.c.objc; path = ViewController.m; sourceTree = "<group>"; };
		A32E0E3823D895F80008824F /* Base */ = {isa = PBXFileReference; lastKnownFileType = file.storyboard; name = Base; path = Base.lproj/Main.storyboard; sourceTree = "<group>"; };
		A32E0E3A23D895F90008824F /* Assets.xcassets */ = {isa = PBXFileReference; lastKnownFileType = folder.assetcatalog; path = Assets.xcassets; sourceTree = "<group>"; };
		A32E0E3D23D895F90008824F /* Base */ = {isa = PBXFileReference; lastKnownFileType = file.storyboard; name = Base; path = Base.lproj/LaunchScreen.storyboard; sourceTree = "<group>"; };
		A32E0E3F23D895F90008824F /* Info.plist */ = {isa = PBXFileReference; lastKnownFileType = text.plist.xml; path = Info.plist; sourceTree = "<group>"; };
		A32E0E4023D895F90008824F /* main.m */ = {isa = PBXFileReference; lastKnownFileType = sourcecode.c.objc; path = main.m; sourceTree = "<group>"; };
		A35940B123E1D34500064D26 /* UIKit.framework */ = {isa = PBXFileReference; lastKnownFileType = wrapper.framework; name = UIKit.framework; path = System/Library/Frameworks/UIKit.framework; sourceTree = SDKROOT; };
		A35940B323E1D3DF00064D26 /* Book.h */ = {isa = PBXFileReference; fileEncoding = 4; lastKnownFileType = sourcecode.c.h; path = Book.h; sourceTree = "<group>"; };
		A35940B423E1D3DF00064D26 /* Book.m */ = {isa = PBXFileReference; fileEncoding = 4; lastKnownFileType = sourcecode.c.objc; path = Book.m; sourceTree = "<group>"; };
		A35940B523E1D3DF00064D26 /* BookManager.m */ = {isa = PBXFileReference; fileEncoding = 4; lastKnownFileType = sourcecode.c.objc; path = BookManager.m; sourceTree = "<group>"; };
		A35940B623E1D3E000064D26 /* BookManager.h */ = {isa = PBXFileReference; fileEncoding = 4; lastKnownFileType = sourcecode.c.h; path = BookManager.h; sourceTree = "<group>"; };
/* End PBXFileReference section */

/* Begin PBXFrameworksBuildPhase section */
		A32E0E2823D895F80008824F /* Frameworks */ = {
			isa = PBXFrameworksBuildPhase;
			buildActionMask = 2147483647;
			files = (
			);
			runOnlyForDeploymentPostprocessing = 0;
		};
/* End PBXFrameworksBuildPhase section */

/* Begin PBXGroup section */
		A32E0E2223D895F80008824F = {
			isa = PBXGroup;
			children = (
				A32E0E2D23D895F80008824F /* VisualAddressBook */,
				A32E0E2C23D895F80008824F /* Products */,
				A35940B023E1D34500064D26 /* Frameworks */,
			);
			sourceTree = "<group>";
		};
		A32E0E2C23D895F80008824F /* Products */ = {
			isa = PBXGroup;
			children = (
				A32E0E2B23D895F80008824F /* VisualAddressBook.app */,
			);
			name = Products;
			sourceTree = "<group>";
		};
		A32E0E2D23D895F80008824F /* VisualAddressBook */ = {
			isa = PBXGroup;
			children = (
				A32E0E2E23D895F80008824F /* AppDelegate.h */,
				A32E0E2F23D895F80008824F /* AppDelegate.m */,
				A32E0E3123D895F80008824F /* SceneDelegate.h */,
				A32E0E3223D895F80008824F /* SceneDelegate.m */,
				A35940B323E1D3DF00064D26 /* Book.h */,
				A35940B423E1D3DF00064D26 /* Book.m */,
				A35940B623E1D3E000064D26 /* BookManager.h */,
				A35940B523E1D3DF00064D26 /* BookManager.m */,
				A32E0E3423D895F80008824F /* ViewController.h */,
				A32E0E3523D895F80008824F /* ViewController.m */,
				A32E0E3723D895F80008824F /* Main.storyboard */,
				A32E0E3A23D895F90008824F /* Assets.xcassets */,
				A32E0E3C23D895F90008824F /* LaunchScreen.storyboard */,
				A32E0E3F23D895F90008824F /* Info.plist */,
				A32E0E4023D895F90008824F /* main.m */,
			);
			path = VisualAddressBook;
			sourceTree = "<group>";
		};
		A35940B023E1D34500064D26 /* Frameworks */ = {
			isa = PBXGroup;
			children = (
				A35940B123E1D34500064D26 /* UIKit.framework */,
			);
			name = Frameworks;
			sourceTree = "<group>";
		};
/* End PBXGroup section */

/* Begin PBXNativeTarget section */
		A32E0E2A23D895F80008824F /* VisualAddressBook */ = {
			isa = PBXNativeTarget;
			buildConfigurationList = A32E0E4423D895F90008824F /* Build configuration list for PBXNativeTarget "VisualAddressBook" */;
			buildPhases = (
				A32E0E2723D895F80008824F /* Sources */,
				A32E0E2823D895F80008824F /* Frameworks */,
				A32E0E2923D895F80008824F /* Resources */,
			);
			buildRules = (
			);
			dependencies = (
			);
			name = VisualAddressBook;
			productName = VisualAddressBook;
			productReference = A32E0E2B23D895F80008824F /* VisualAddressBook.app */;
			productType = "com.apple.product-type.application";
		};
/* End PBXNativeTarget section */

/* Begin PBXProject section */
		A32E0E2323D895F80008824F /* Project object */ = {
			isa = PBXProject;
			attributes = {
				LastUpgradeCheck = 1130;
				ORGANIZATIONNAME = dely;
				TargetAttributes = {
					A32E0E2A23D895F80008824F = {
						CreatedOnToolsVersion = 11.3.1;
					};
				};
			};
			buildConfigurationList = A32E0E2623D895F80008824F /* Build configuration list for PBXProject "VisualAddressBook" */;
			compatibilityVersion = "Xcode 9.3";
			developmentRegion = en;
			hasScannedForEncodings = 0;
			knownRegions = (
				en,
				Base,
			);
			mainGroup = A32E0E2223D895F80008824F;
			productRefGroup = A32E0E2C23D895F80008824F /* Products */;
			projectDirPath = "";
			projectRoot = "";
			targets = (
				A32E0E2A23D895F80008824F /* VisualAddressBook */,
			);
		};
/* End PBXProject section */

/* Begin PBXResourcesBuildPhase section */
		A32E0E2923D895F80008824F /* Resources */ = {
			isa = PBXResourcesBuildPhase;
			buildActionMask = 2147483647;
			files = (
				A32E0E3E23D895F90008824F /* LaunchScreen.storyboard in Resources */,
				A32E0E3B23D895F90008824F /* Assets.xcassets in Resources */,
				A32E0E3923D895F80008824F /* Main.storyboard in Resources */,
			);
			runOnlyForDeploymentPostprocessing = 0;
		};
/* End PBXResourcesBuildPhase section */

/* Begin PBXSourcesBuildPhase section */
		A32E0E2723D895F80008824F /* Sources */ = {
			isa = PBXSourcesBuildPhase;
			buildActionMask = 2147483647;
			files = (
				A32E0E3623D895F80008824F /* ViewController.m in Sources */,
				A32E0E3023D895F80008824F /* AppDelegate.m in Sources */,
				A35940B823E1D3E000064D26 /* BookManager.m in Sources */,
				A32E0E4123D895F90008824F /* main.m in Sources */,
				A35940B723E1D3E000064D26 /* Book.m in Sources */,
				A32E0E3323D895F80008824F /* SceneDelegate.m in Sources */,
			);
			runOnlyForDeploymentPostprocessing = 0;
		};
/* End PBXSourcesBuildPhase section */

/* Begin PBXVariantGroup section */
		A32E0E3723D895F80008824F /* Main.storyboard */ = {
			isa = PBXVariantGroup;
			children = (
				A32E0E3823D895F80008824F /* Base */,
			);
			name = Main.storyboard;
			sourceTree = "<group>";
		};
		A32E0E3C23D895F90008824F /* LaunchScreen.storyboard */ = {
			isa = PBXVariantGroup;
			children = (
				A32E0E3D23D895F90008824F /* Base */,
			);
			name = LaunchScreen.storyboard;
			sourceTree = "<group>";
		};
/* End PBXVariantGroup section */

/* Begin XCBuildConfiguration section */
		A32E0E4223D895F90008824F /* Debug */ = {
			isa = XCBuildConfiguration;
			buildSettings = {
				ALWAYS_SEARCH_USER_PATHS = NO;
				CLANG_ANALYZER_NONNULL = YES;
				CLANG_ANALYZER_NUMBER_OBJECT_CONVERSION = YES_AGGRESSIVE;
				CLANG_CXX_LANGUAGE_STANDARD = "gnu++14";
				CLANG_CXX_LIBRARY = "libc++";
				CLANG_ENABLE_MODULES = YES;
				CLANG_ENABLE_OBJC_ARC = YES;
				CLANG_ENABLE_OBJC_WEAK = YES;
				CLANG_WARN_BLOCK_CAPTURE_AUTORELEASING = YES;
				CLANG_WARN_BOOL_CONVERSION = YES;
				CLANG_WARN_COMMA = YES;
				CLANG_WARN_CONSTANT_CONVERSION = YES;
				CLANG_WARN_DEPRECATED_OBJC_IMPLEMENTATIONS = YES;
				CLANG_WARN_DIRECT_OBJC_ISA_USAGE = YES_ERROR;
				CLANG_WARN_DOCUMENTATION_COMMENTS = YES;
				CLANG_WARN_EMPTY_BODY = YES;
				CLANG_WARN_ENUM_CONVERSION = YES;
				CLANG_WARN_INFINITE_RECURSION = YES;
				CLANG_WARN_INT_CONVERSION = YES;
				CLANG_WARN_NON_LITERAL_NULL_CONVERSION = YES;
				CLANG_WARN_OBJC_IMPLICIT_RETAIN_SELF = YES;
				CLANG_WARN_OBJC_LITERAL_CONVERSION = YES;
				CLANG_WARN_OBJC_ROOT_CLASS = YES_ERROR;
				CLANG_WARN_RANGE_LOOP_ANALYSIS = YES;
				CLANG_WARN_STRICT_PROTOTYPES = YES;
				CLANG_WARN_SUSPICIOUS_MOVE = YES;
				CLANG_WARN_UNGUARDED_AVAILABILITY = YES_AGGRESSIVE;
				CLANG_WARN_UNREACHABLE_CODE = YES;
				CLANG_WARN__DUPLICATE_METHOD_MATCH = YES;
				COPY_PHASE_STRIP = NO;
				DEBUG_INFORMATION_FORMAT = dwarf;
				ENABLE_STRICT_OBJC_MSGSEND = YES;
				ENABLE_TESTABILITY = YES;
				GCC_C_LANGUAGE_STANDARD = gnu11;
				GCC_DYNAMIC_NO_PIC = NO;
				GCC_NO_COMMON_BLOCKS = YES;
				GCC_OPTIMIZATION_LEVEL = 0;
				GCC_PREPROCESSOR_DEFINITIONS = (
					"DEBUG=1",
					"$(inherited)",
				);
				GCC_WARN_64_TO_32_BIT_CONVERSION = YES;
				GCC_WARN_ABOUT_RETURN_TYPE = YES_ERROR;
				GCC_WARN_UNDECLARED_SELECTOR = YES;
				GCC_WARN_UNINITIALIZED_AUTOS = YES_AGGRESSIVE;
				GCC_WARN_UNUSED_FUNCTION = YES;
				GCC_WARN_UNUSED_VARIABLE = YES;
				IPHONEOS_DEPLOYMENT_TARGET = 13.2;
				MTL_ENABLE_DEBUG_INFO = INCLUDE_SOURCE;
				MTL_FAST_MATH = YES;
				ONLY_ACTIVE_ARCH = YES;
				SDKROOT = iphoneos;
			};
			name = Debug;
		};
		A32E0E4323D895F90008824F /* Release */ = {
			isa = XCBuildConfiguration;
			buildSettings = {
				ALWAYS_SEARCH_USER_PATHS = NO;
				CLANG_ANALYZER_NONNULL = YES;
				CLANG_ANALYZER_NUMBER_OBJECT_CONVERSION = YES_AGGRESSIVE;
				CLANG_CXX_LANGUAGE_STANDARD = "gnu++14";
				CLANG_CXX_LIBRARY = "libc++";
				CLANG_ENABLE_MODULES = YES;
				CLANG_ENABLE_OBJC_ARC = YES;
				CLANG_ENABLE_OBJC_WEAK = YES;
				CLANG_WARN_BLOCK_CAPTURE_AUTORELEASING = YES;
				CLANG_WARN_BOOL_CONVERSION = YES;
				CLANG_WARN_COMMA = YES;
				CLANG_WARN_CONSTANT_CONVERSION = YES;
				CLANG_WARN_DEPRECATED_OBJC_IMPLEMENTATIONS = YES;
				CLANG_WARN_DIRECT_OBJC_ISA_USAGE = YES_ERROR;
				CLANG_WARN_DOCUMENTATION_COMMENTS = YES;
				CLANG_WARN_EMPTY_BODY = YES;
				CLANG_WARN_ENUM_CONVERSION = YES;
				CLANG_WARN_INFINITE_RECURSION = YES;
				CLANG_WARN_INT_CONVERSION = YES;
				CLANG_WARN_NON_LITERAL_NULL_CONVERSION = YES;
				CLANG_WARN_OBJC_IMPLICIT_RETAIN_SELF = YES;
				CLANG_WARN_OBJC_LITERAL_CONVERSION = YES;
				CLANG_WARN_OBJC_ROOT_CLASS = YES_ERROR;
				CLANG_WARN_RANGE_LOOP_ANALYSIS = YES;
				CLANG_WARN_STRICT_PROTOTYPES = YES;
				CLANG_WARN_SUSPICIOUS_MOVE = YES;
				CLANG_WARN_UNGUARDED_AVAILABILITY = YES_AGGRESSIVE;
				CLANG_WARN_UNREACHABLE_CODE = YES;
				CLANG_WARN__DUPLICATE_METHOD_MATCH = YES;
				COPY_PHASE_STRIP = NO;
				DEBUG_INFORMATION_FORMAT = "dwarf-with-dsym";
				ENABLE_NS_ASSERTIONS = NO;
				ENABLE_STRICT_OBJC_MSGSEND = YES;
				GCC_C_LANGUAGE_STANDARD = gnu11;
				GCC_NO_COMMON_BLOCKS = YES;
				GCC_WARN_64_TO_32_BIT_CONVERSION = YES;
				GCC_WARN_ABOUT_RETURN_TYPE = YES_ERROR;
				GCC_WARN_UNDECLARED_SELECTOR = YES;
				GCC_WARN_UNINITIALIZED_AUTOS = YES_AGGRESSIVE;
				GCC_WARN_UNUSED_FUNCTION = YES;
				GCC_WARN_UNUSED_VARIABLE = YES;
				IPHONEOS_DEPLOYMENT_TARGET = 13.2;
				MTL_ENABLE_DEBUG_INFO = NO;
				MTL_FAST_MATH = YES;
				SDKROOT = iphoneos;
				VALIDATE_PRODUCT = YES;
			};
			name = Release;
		};
		A32E0E4523D895F90008824F /* Debug */ = {
			isa = XCBuildConfiguration;
			buildSettings = {
				ASSETCATALOG_COMPILER_APPICON_NAME = AppIcon;
				CODE_SIGN_STYLE = Automatic;
				DEVELOPMENT_TEAM = 4HT2BE32MC;
				INFOPLIST_FILE = VisualAddressBook/Info.plist;
				LD_RUNPATH_SEARCH_PATHS = (
					"$(inherited)",
					"@executable_path/Frameworks",
				);
				ONLY_ACTIVE_ARCH = NO;
				PRODUCT_BUNDLE_IDENTIFIER = com.dely.VisualAddressBook;
				PRODUCT_NAME = "$(TARGET_NAME)";
				TARGETED_DEVICE_FAMILY = 1;
			};
			name = Debug;
		};
		A32E0E4623D895F90008824F /* Release */ = {
			isa = XCBuildConfiguration;
			buildSettings = {
				ASSETCATALOG_COMPILER_APPICON_NAME = AppIcon;
				CODE_SIGN_STYLE = Automatic;
				DEVELOPMENT_TEAM = 4HT2BE32MC;
				INFOPLIST_FILE = VisualAddressBook/Info.plist;
				LD_RUNPATH_SEARCH_PATHS = (
					"$(inherited)",
					"@executable_path/Frameworks",
				);
				PRODUCT_BUNDLE_IDENTIFIER = com.dely.VisualAddressBook;
				PRODUCT_NAME = "$(TARGET_NAME)";
				TARGETED_DEVICE_FAMILY = 1;
			};
			name = Release;
		};
/* End XCBuildConfiguration section */

/* Begin XCConfigurationList section */
		A32E0E2623D895F80008824F /* Build configuration list for PBXProject "VisualAddressBook" */ = {
			isa = XCConfigurationList;
			buildConfigurations = (
				A32E0E4223D895F90008824F /* Debug */,
				A32E0E4323D895F90008824F /* Release */,
			);
			defaultConfigurationIsVisible = 0;
			defaultConfigurationName = Release;
		};
		A32E0E4423D895F90008824F /* Build configuration list for PBXNativeTarget "VisualAddressBook" */ = {
			isa = XCConfigurationList;
			buildConfigurations = (
				A32E0E4523D895F90008824F /* Debug */,
				A32E0E4623D895F90008824F /* Release */,
			);
			defaultConfigurationIsVisible = 0;
			defaultConfigurationName = Release;
		};
/* End XCConfigurationList section */
	};
	rootObject = A32E0E2323D895F80008824F /* Project object */;
}
